
Microsoft Visual Studio Solution File, Format Version 12.00
# Visual Studio Version 16
VisualStudioVersion = 16.0.30114.105
MinimumVisualStudioVersion = 10.0.40219.1
Project("{FAE04EC0-301F-11D3-BF4B-00C04F79EFBC}") = "PrimitiveTribe1_0", "PrimitiveTribe1_0\PrimitiveTribe1_0.csproj", "{43A7A65C-A747-4046-AA73-3B16A8F5F823}"
EndProject
Global
	GlobalSection(SolutionConfigurationPlatforms) = preSolution
		Debug|Any CPU = Debug|Any CPU
		Release|Any CPU = Release|Any CPU
	EndGlobalSection
	GlobalSection(ProjectConfigurationPlatforms) = postSolution
		{43A7A65C-A747-4046-AA73-3B16A8F5F823}.Debug|Any CPU.ActiveCfg = Debug|Any CPU
		{43A7A65C-A747-4046-AA73-3B16A8F5F823}.Debug|Any CPU.Build.0 = Debug|Any CPU
		{43A7A65C-A747-4046-AA73-3B16A8F5F823}.Release|Any CPU.ActiveCfg = Release|Any CPU
		{43A7A65C-A747-4046-AA73-3B16A8F5F823}.Release|Any CPU.Build.0 = Release|Any CPU
	EndGlobalSection
	GlobalSection(SolutionProperties) = preSolution
		HideSolutionNode = FALSE
	EndGlobalSection
	GlobalSection(ExtensibilityGlobals) = postSolution
		SolutionGuid = {280197E4-BF3F-4D9C-A11A-2AC14974BCCB}
	EndGlobalSection
EndGlobal
